<Solution>
  <Project Path="Minimarket.API/Minimarket.API.csproj" />
  <Project Path="Minimarket.Application/Minimarket.Application.csproj" />
  <Project Path="Minimarket.Domain/Minimarket.Domain.csproj" />
  <Project Path="Minimarket.Infrastructure/Minimarket.Infrastructure.csproj" />
  <Project Path="Minimarket.Tests/Minimarket.Tests.csproj" />
</Solution>
