<Solution>
  <Project Path="Minimarket.API/Minimarket.API.csproj" />
  <Project Path="Minimarket.Application/Minimarket.Application.csproj" />
  <Project Path="Minimarket.Domain/Minimarket.Domain.csproj" />
  <Project Path="Minimarket.Infrastructure/Minimarket.Infrastructure.csproj" />
  <Project Path="Minimarket.Pruebas.Tests/Minimarket.Pruebas.Tests/Minimarket.Pruebas.Tests.csproj" />
  <Project Path="Minimarket.UI/Minimarket.UI.esproj">
    <Build />
    <Deploy />
  </Project>
</Solution>
